
Microsoft Visual Studio Solution File, Format Version 12.00
# Visual Studio 2012
Project("{FAE04EC0-301F-11D3-BF4B-00C04F79EFBC}") = "ConfigZilla", "ConfigZilla\ConfigZilla.csproj", "{93422D3E-17DB-4EF8-9027-E1FCE2735F00}"
EndProject
Project("{FAE04EC0-301F-11D3-BF4B-00C04F79EFBC}") = "ConfigZilla.Tasks", "ConfigZilla.Tasks\ConfigZilla.Tasks.csproj", "{56EA63B4-EDFB-4ACE-AE81-35FF053909F0}"
EndProject
Project("{2150E333-8FDC-42A3-9474-1A3956D46DE8}") = "Solution Items", "Solution Items", "{C1E583C2-6536-4B7A-AEC8-0961CB40EC62}"
	ProjectSection(SolutionItems) = preProject
		CREDITS.txt = CREDITS.txt
		LICENSE.txt = LICENSE.txt
		README.md = README.md
	EndProjectSection
EndProject
Global
	GlobalSection(SolutionConfigurationPlatforms) = preSolution
		Debug|Any CPU = Debug|Any CPU
		Release|Any CPU = Release|Any CPU
	EndGlobalSection
	GlobalSection(ProjectConfigurationPlatforms) = postSolution
		{93422D3E-17DB-4EF8-9027-E1FCE2735F00}.Debug|Any CPU.ActiveCfg = Debug|Any CPU
		{93422D3E-17DB-4EF8-9027-E1FCE2735F00}.Debug|Any CPU.Build.0 = Debug|Any CPU
		{93422D3E-17DB-4EF8-9027-E1FCE2735F00}.Release|Any CPU.ActiveCfg = Release|Any CPU
		{93422D3E-17DB-4EF8-9027-E1FCE2735F00}.Release|Any CPU.Build.0 = Release|Any CPU
		{56EA63B4-EDFB-4ACE-AE81-35FF053909F0}.Debug|Any CPU.ActiveCfg = Debug|Any CPU
		{56EA63B4-EDFB-4ACE-AE81-35FF053909F0}.Debug|Any CPU.Build.0 = Debug|Any CPU
		{56EA63B4-EDFB-4ACE-AE81-35FF053909F0}.Release|Any CPU.ActiveCfg = Release|Any CPU
		{56EA63B4-EDFB-4ACE-AE81-35FF053909F0}.Release|Any CPU.Build.0 = Release|Any CPU
	EndGlobalSection
	GlobalSection(SolutionProperties) = preSolution
		HideSolutionNode = FALSE
	EndGlobalSection
EndGlobal
